{
  "name": "论文管理系统",
  "version": "0.1.0",
  "lockfileVersion": 1,
  "requires": true,
  "dependencies": {
    "@webassemblyjs/ast": {
      "version": "1.5.13",
      "resolved": "http://registry.npm.taobao.org/@webassemblyjs/ast/download/@webassemblyjs/ast-1.5.13.tgz",
      "integrity": "sha1-gRVaVwvVgDow7DFDa8LJwO3jjyU=",
      "dev": true,
      "requires": {
        "@webassemblyjs/helper-module-context": "1.5.13",
        "@webassemblyjs/helper-wasm-bytecode": "1.5.13",
        "@webassemblyjs/wast-parser": "1.5.13",
        "debug": "^3.1.0",
        "mamacro": "^0.0.3"
      }
    },
    "@webassemblyjs/floating-point-hex-parser": {
      "version": "1.5.13",
      "resolved": "http://registry.npm.taobao.org/@webassemblyjs/floating-point-hex-parser/download/@webassemblyjs/floating-point-hex-parser-1.5.13.tgz",
      "integrity": "sha1-Kc4LqpdBH3DozOaM6cD52Bmk4pg=",
      "dev": true
    },
    "@webassemblyjs/helper-api-error": {
      "version": "1.5.13",
      "resolved": "http://registry.npm.taobao.org/@webassemblyjs/helper-api-error/download/@webassemblyjs/helper-api-error-1.5.13.tgz",
      "integrity": "sha1-5JsFHWfuGaVuKbmqi9lJtbREKlk=",
      "dev": true
    },
    "@webassemblyjs/helper-code-frame": {
      "version": "1.5.13",
      "resolved": "http://registry.npm.taobao.org/@webassemblyjs/helper-code-frame/download/@webassemblyjs/helper-code-frame-1.5.13.tgz",
      "integrity": "sha1-G9IYG2oL4U4ATw/p9aZg0mU2K1g=",
      "dev": true,
      "requires": {
        "@webassemblyjs/wast-printer": "1.5.13"
      }
    },
    "@webassemblyjs/helper-fsm": {
      "version": "1.5.13",
      "resolved": "http://registry.npm.taobao.org/@webassemblyjs/helper-fsm/download/@webassemblyjs/helper-fsm-1.5.13.tgz",
      "integrity": "sha1-zfPZ0zAF1UOlxeWtqr9nn/qNuSQ=",
      "dev": true
    },
    "@webassemblyjs/helper-module-context": {
      "version": "1.5.13",
      "resolved": "http://registry.npm.taobao.org/@webassemblyjs/helper-module-context/download/@webassemblyjs/helper-module-context-1.5.13.tgz",
      "integrity": "sha1-3Cnd+1HtZXZVKG+UpdctikiRR8U=",
      "dev": true,
      "requires": {
        "debug": "^3.1.0",
        "mamacro": "^0.0.3"
      }
    },
    "@webassemblyjs/helper-wasm-bytecode": {
      "version": "1.5.13",
      "resolved": "http://registry.npm.taobao.org/@webassemblyjs/helper-wasm-bytecode/download/@webassemblyjs/helper-wasm-bytecode-1.5.13.tgz",
      "integrity": "sha1-AyRYF/CnYjguYXMxRvV3Pe8Vp0c=",
      "dev": true
    },
    "@webassemblyjs/wast-parser": {
      "version": "1.5.13",
      "resolved": "http://registry.npm.taobao.org/@webassemblyjs/wast-parser/download/@webassemblyjs/wast-parser-1.5.13.tgz",
      "integrity": "sha1-VyenBdOXrmo66Z1/VGCs8uxkbuo=",
      "dev": true,
      "requires": {
        "@webassemblyjs/ast": "1.5.13",
        "@webassemblyjs/floating-point-hex-parser": "1.5.13",
        "@webassemblyjs/helper-api-error": "1.5.13",
        "@webassemblyjs/helper-code-frame": "1.5.13",
        "@webassemblyjs/helper-fsm": "1.5.13",
        "long": "^3.2.0",
        "mamacro": "^0.0.3"
      }
    },
    "@webassemblyjs/wast-printer": {
      "version": "1.5.13",
      "resolved": "http://registry.npm.taobao.org/@webassemblyjs/wast-printer/download/@webassemblyjs/wast-printer-1.5.13.tgz",
      "integrity": "sha1-uzTVKMFLT1eefsEeeT7FCtfNfJU=",
      "dev": true,
      "requires": {
        "@webassemblyjs/ast": "1.5.13",
        "@webassemblyjs/wast-parser": "1.5.13",
        "long": "^3.2.0"
      }
    },
    "debug": {
      "version": "3.1.0",
      "resolved": "http://registry.npm.taobao.org/debug/download/debug-3.1.0.tgz",
      "integrity": "sha1-W7WgZyYotkFJVmuhaBnmFRjGcmE=",
      "dev": true,
      "requires": {
        "ms": "2.0.0"
      }
    },
    "long": {
      "version": "3.2.0",
      "resolved": "http://registry.npm.taobao.org/long/download/long-3.2.0.tgz",
      "integrity": "sha1-2CG3E4yhy1gcFymQ7xTbIAtcR0s=",
      "dev": true
    },
    "mamacro": {
      "version": "0.0.3",
      "resolved": "http://registry.npm.taobao.org/mamacro/download/mamacro-0.0.3.tgz",
      "integrity": "sha1-rSyVdhl8nxq/MI0Hh4Zb2XWj8+Q=",
      "dev": true
    },
    "ms": {
      "version": "2.0.0",
      "resolved": "http://registry.npm.taobao.org/ms/download/ms-2.0.0.tgz",
      "integrity": "sha1-VgiurfwAvmwpAd9fmGF4jeDVl8g=",
      "dev": true
    }
  }
}
